// !$*UTF8*$!
{
	archiveVersion = 1;
	classes = {
	};
	objectVersion = 50;
	objects = {

/* Begin PBXBuildFile section */
		9164401F238EC11F007E5111 /* AppDelegate.swift in Sources */ = {isa = PBXBuildFile; fileRef = 9164401E238EC11F007E5111 /* AppDelegate.swift */; };
		91644021238EC11F007E5111 /* SceneDelegate.swift in Sources */ = {isa = PBXBuildFile; fileRef = 91644020238EC11F007E5111 /* SceneDelegate.swift */; };
		91644023238EC11F007E5111 /* ContentView.swift in Sources */ = {isa = PBXBuildFile; fileRef = 91644022238EC11F007E5111 /* ContentView.swift */; };
		91644025238EC123007E5111 /* Assets.xcassets in Resources */ = {isa = PBXBuildFile; fileRef = 91644024238EC123007E5111 /* Assets.xcassets */; };
		91644028238EC123007E5111 /* Preview Assets.xcassets in Resources */ = {isa = PBXBuildFile; fileRef = 91644027238EC123007E5111 /* Preview Assets.xcassets */; };
		9164402B238EC123007E5111 /* LaunchScreen.storyboard in Resources */ = {isa = PBXBuildFile; fileRef = 91644029238EC123007E5111 /* LaunchScreen.storyboard */; };
		91644033238EC170007E5111 /* CameraPreviewView.swift in Sources */ = {isa = PBXBuildFile; fileRef = 91644032238EC170007E5111 /* CameraPreviewView.swift */; };
/* End PBXBuildFile section */

/* Begin PBXFileReference section */
		9164401B238EC11F007E5111 /* Binding UIKIt Swift UI.app */ = {isa = PBXFileReference; explicitFileType = wrapper.application; includeInIndex = 0; path = "Binding UIKIt Swift UI.app"; sourceTree = BUILT_PRODUCTS_DIR; };
		9164401E238EC11F007E5111 /* AppDelegate.swift */ = {isa = PBXFileReference; lastKnownFileType = sourcecode.swift; path = AppDelegate.swift; sourceTree = "<group>"; };
		91644020238EC11F007E5111 /* SceneDelegate.swift */ = {isa = PBXFileReference; lastKnownFileType = sourcecode.swift; path = SceneDelegate.swift; sourceTree = "<group>"; };
		91644022238EC11F007E5111 /* ContentView.swift */ = {isa = PBXFileReference; lastKnownFileType = sourcecode.swift; path = ContentView.swift; sourceTree = "<group>"; };
		91644024238EC123007E5111 /* Assets.xcassets */ = {isa = PBXFileReference; lastKnownFileType = folder.assetcatalog; path = Assets.xcassets; sourceTree = "<group>"; };
		91644027238EC123007E5111 /* Preview Assets.xcassets */ = {isa = PBXFileReference; lastKnownFileType = folder.assetcatalog; path = "Preview Assets.xcassets"; sourceTree = "<group>"; };
		9164402A238EC123007E5111 /* Base */ = {isa = PBXFileReference; lastKnownFileType = file.storyboard; name = Base; path = Base.lproj/LaunchScreen.storyboard; sourceTree = "<group>"; };
		9164402C238EC123007E5111 /* Info.plist */ = {isa = PBXFileReference; lastKnownFileType = text.plist.xml; path = Info.plist; sourceTree = "<group>"; };
		91644032238EC170007E5111 /* CameraPreviewView.swift */ = {isa = PBXFileReference; fileEncoding = 4; lastKnownFileType = sourcecode.swift; path = CameraPreviewView.swift; sourceTree = "<group>"; };
/* End PBXFileReference section */

/* Begin PBXFrameworksBuildPhase section */
		91644018238EC11F007E5111 /* Frameworks */ = {
			isa = PBXFrameworksBuildPhase;
			buildActionMask = 2147483647;
			files = (
			);
			runOnlyForDeploymentPostprocessing = 0;
		};
/* End PBXFrameworksBuildPhase section */

/* Begin PBXGroup section */
		91644012238EC11F007E5111 = {
			isa = PBXGroup;
			children = (
				9164401D238EC11F007E5111 /* Binding UIKIt Swift UI */,
				9164401C238EC11F007E5111 /* Products */,
			);
			sourceTree = "<group>";
		};
		9164401C238EC11F007E5111 /* Products */ = {
			isa = PBXGroup;
			children = (
				9164401B238EC11F007E5111 /* Binding UIKIt Swift UI.app */,
			);
			name = Products;
			sourceTree = "<group>";
		};
		9164401D238EC11F007E5111 /* Binding UIKIt Swift UI */ = {
			isa = PBXGroup;
			children = (
				91644034238EC174007E5111 /* Launch */,
				91644032238EC170007E5111 /* CameraPreviewView.swift */,
				91644022238EC11F007E5111 /* ContentView.swift */,
				91644024238EC123007E5111 /* Assets.xcassets */,
				91644029238EC123007E5111 /* LaunchScreen.storyboard */,
				9164402C238EC123007E5111 /* Info.plist */,
				91644026238EC123007E5111 /* Preview Content */,
			);
			path = "Binding UIKIt Swift UI";
			sourceTree = "<group>";
		};
		91644026238EC123007E5111 /* Preview Content */ = {
			isa = PBXGroup;
			children = (
				91644027238EC123007E5111 /* Preview Assets.xcassets */,
			);
			path = "Preview Content";
			sourceTree = "<group>";
		};
		91644034238EC174007E5111 /* Launch */ = {
			isa = PBXGroup;
			children = (
				9164401E238EC11F007E5111 /* AppDelegate.swift */,
				91644020238EC11F007E5111 /* SceneDelegate.swift */,
			);
			path = Launch;
			sourceTree = "<group>";
		};
/* End PBXGroup section */

/* Begin PBXNativeTarget section */
		9164401A238EC11F007E5111 /* Binding UIKIt Swift UI */ = {
			isa = PBXNativeTarget;
			buildConfigurationList = 9164402F238EC123007E5111 /* Build configuration list for PBXNativeTarget "Binding UIKIt Swift UI" */;
			buildPhases = (
				91644017238EC11F007E5111 /* Sources */,
				91644018238EC11F007E5111 /* Frameworks */,
				91644019238EC11F007E5111 /* Resources */,
			);
			buildRules = (
			);
			dependencies = (
			);
			name = "Binding UIKIt Swift UI";
			productName = "Binding UIKIt Swift UI";
			productReference = 9164401B238EC11F007E5111 /* Binding UIKIt Swift UI.app */;
			productType = "com.apple.product-type.application";
		};
/* End PBXNativeTarget section */

/* Begin PBXProject section */
		91644013238EC11F007E5111 /* Project object */ = {
			isa = PBXProject;
			attributes = {
				LastSwiftUpdateCheck = 1120;
				LastUpgradeCheck = 1120;
				ORGANIZATIONNAME = "dot3 Ltd";
				TargetAttributes = {
					9164401A238EC11F007E5111 = {
						CreatedOnToolsVersion = 11.2.1;
					};
				};
			};
			buildConfigurationList = 91644016238EC11F007E5111 /* Build configuration list for PBXProject "Binding UIKIt Swift UI" */;
			compatibilityVersion = "Xcode 9.3";
			developmentRegion = en;
			hasScannedForEncodings = 0;
			knownRegions = (
				en,
				Base,
			);
			mainGroup = 91644012238EC11F007E5111;
			productRefGroup = 9164401C238EC11F007E5111 /* Products */;
			projectDirPath = "";
			projectRoot = "";
			targets = (
				9164401A238EC11F007E5111 /* Binding UIKIt Swift UI */,
			);
		};
/* End PBXProject section */

/* Begin PBXResourcesBuildPhase section */
		91644019238EC11F007E5111 /* Resources */ = {
			isa = PBXResourcesBuildPhase;
			buildActionMask = 2147483647;
			files = (
				9164402B238EC123007E5111 /* LaunchScreen.storyboard in Resources */,
				91644028238EC123007E5111 /* Preview Assets.xcassets in Resources */,
				91644025238EC123007E5111 /* Assets.xcassets in Resources */,
			);
			runOnlyForDeploymentPostprocessing = 0;
		};
/* End PBXResourcesBuildPhase section */

/* Begin PBXSourcesBuildPhase section */
		91644017238EC11F007E5111 /* Sources */ = {
			isa = PBXSourcesBuildPhase;
			buildActionMask = 2147483647;
			files = (
				91644033238EC170007E5111 /* CameraPreviewView.swift in Sources */,
				9164401F238EC11F007E5111 /* AppDelegate.swift in Sources */,
				91644021238EC11F007E5111 /* SceneDelegate.swift in Sources */,
				91644023238EC11F007E5111 /* ContentView.swift in Sources */,
			);
			runOnlyForDeploymentPostprocessing = 0;
		};
/* End PBXSourcesBuildPhase section */

/* Begin PBXVariantGroup section */
		91644029238EC123007E5111 /* LaunchScreen.storyboard */ = {
			isa = PBXVariantGroup;
			children = (
				9164402A238EC123007E5111 /* Base */,
			);
			name = LaunchScreen.storyboard;
			sourceTree = "<group>";
		};
/* End PBXVariantGroup section */

/* Begin XCBuildConfiguration section */
		9164402D238EC123007E5111 /* Debug */ = {
			isa = XCBuildConfiguration;
			buildSettings = {
				ALWAYS_SEARCH_USER_PATHS = NO;
				CLANG_ANALYZER_NONNULL = YES;
				CLANG_ANALYZER_NUMBER_OBJECT_CONVERSION = YES_AGGRESSIVE;
				CLANG_CXX_LANGUAGE_STANDARD = "gnu++14";
				CLANG_CXX_LIBRARY = "libc++";
				CLANG_ENABLE_MODULES = YES;
				CLANG_ENABLE_OBJC_ARC = YES;
				CLANG_ENABLE_OBJC_WEAK = YES;
				CLANG_WARN_BLOCK_CAPTURE_AUTORELEASING = YES;
				CLANG_WARN_BOOL_CONVERSION = YES;
				CLANG_WARN_COMMA = YES;
				CLANG_WARN_CONSTANT_CONVERSION = YES;
				CLANG_WARN_DEPRECATED_OBJC_IMPLEMENTATIONS = YES;
				CLANG_WARN_DIRECT_OBJC_ISA_USAGE = YES_ERROR;
				CLANG_WARN_DOCUMENTATION_COMMENTS = YES;
				CLANG_WARN_EMPTY_BODY = YES;
				CLANG_WARN_ENUM_CONVERSION = YES;
				CLANG_WARN_INFINITE_RECURSION = YES;
				CLANG_WARN_INT_CONVERSION = YES;
				CLANG_WARN_NON_LITERAL_NULL_CONVERSION = YES;
				CLANG_WARN_OBJC_IMPLICIT_RETAIN_SELF = YES;
				CLANG_WARN_OBJC_LITERAL_CONVERSION = YES;
				CLANG_WARN_OBJC_ROOT_CLASS = YES_ERROR;
				CLANG_WARN_RANGE_LOOP_ANALYSIS = YES;
				CLANG_WARN_STRICT_PROTOTYPES = YES;
				CLANG_WARN_SUSPICIOUS_MOVE = YES;
				CLANG_WARN_UNGUARDED_AVAILABILITY = YES_AGGRESSIVE;
				CLANG_WARN_UNREACHABLE_CODE = YES;
				CLANG_WARN__DUPLICATE_METHOD_MATCH = YES;
				COPY_PHASE_STRIP = NO;
				DEBUG_INFORMATION_FORMAT = dwarf;
				ENABLE_STRICT_OBJC_MSGSEND = YES;
				ENABLE_TESTABILITY = YES;
				GCC_C_LANGUAGE_STANDARD = gnu11;
				GCC_DYNAMIC_NO_PIC = NO;
				GCC_NO_COMMON_BLOCKS = YES;
				GCC_OPTIMIZATION_LEVEL = 0;
				GCC_PREPROCESSOR_DEFINITIONS = (
					"DEBUG=1",
					"$(inherited)",
				);
				GCC_WARN_64_TO_32_BIT_CONVERSION = YES;
				GCC_WARN_ABOUT_RETURN_TYPE = YES_ERROR;
				GCC_WARN_UNDECLARED_SELECTOR = YES;
				GCC_WARN_UNINITIALIZED_AUTOS = YES_AGGRESSIVE;
				GCC_WARN_UNUSED_FUNCTION = YES;
				GCC_WARN_UNUSED_VARIABLE = YES;
				IPHONEOS_DEPLOYMENT_TARGET = 13.2;
				MTL_ENABLE_DEBUG_INFO = INCLUDE_SOURCE;
				MTL_FAST_MATH = YES;
				ONLY_ACTIVE_ARCH = YES;
				SDKROOT = iphoneos;
				SWIFT_ACTIVE_COMPILATION_CONDITIONS = DEBUG;
				SWIFT_OPTIMIZATION_LEVEL = "-Onone";
			};
			name = Debug;
		};
		9164402E238EC123007E5111 /* Release */ = {
			isa = XCBuildConfiguration;
			buildSettings = {
				ALWAYS_SEARCH_USER_PATHS = NO;
				CLANG_ANALYZER_NONNULL = YES;
				CLANG_ANALYZER_NUMBER_OBJECT_CONVERSION = YES_AGGRESSIVE;
				CLANG_CXX_LANGUAGE_STANDARD = "gnu++14";
				CLANG_CXX_LIBRARY = "libc++";
				CLANG_ENABLE_MODULES = YES;
				CLANG_ENABLE_OBJC_ARC = YES;
				CLANG_ENABLE_OBJC_WEAK = YES;
				CLANG_WARN_BLOCK_CAPTURE_AUTORELEASING = YES;
				CLANG_WARN_BOOL_CONVERSION = YES;
				CLANG_WARN_COMMA = YES;
				CLANG_WARN_CONSTANT_CONVERSION = YES;
				CLANG_WARN_DEPRECATED_OBJC_IMPLEMENTATIONS = YES;
				CLANG_WARN_DIRECT_OBJC_ISA_USAGE = YES_ERROR;
				CLANG_WARN_DOCUMENTATION_COMMENTS = YES;
				CLANG_WARN_EMPTY_BODY = YES;
				CLANG_WARN_ENUM_CONVERSION = YES;
				CLANG_WARN_INFINITE_RECURSION = YES;
				CLANG_WARN_INT_CONVERSION = YES;
				CLANG_WARN_NON_LITERAL_NULL_CONVERSION = YES;
				CLANG_WARN_OBJC_IMPLICIT_RETAIN_SELF = YES;
				CLANG_WARN_OBJC_LITERAL_CONVERSION = YES;
				CLANG_WARN_OBJC_ROOT_CLASS = YES_ERROR;
				CLANG_WARN_RANGE_LOOP_ANALYSIS = YES;
				CLANG_WARN_STRICT_PROTOTYPES = YES;
				CLANG_WARN_SUSPICIOUS_MOVE = YES;
				CLANG_WARN_UNGUARDED_AVAILABILITY = YES_AGGRESSIVE;
				CLANG_WARN_UNREACHABLE_CODE = YES;
				CLANG_WARN__DUPLICATE_METHOD_MATCH = YES;
				COPY_PHASE_STRIP = NO;
				DEBUG_INFORMATION_FORMAT = "dwarf-with-dsym";
				ENABLE_NS_ASSERTIONS = NO;
				ENABLE_STRICT_OBJC_MSGSEND = YES;
				GCC_C_LANGUAGE_STANDARD = gnu11;
				GCC_NO_COMMON_BLOCKS = YES;
				GCC_WARN_64_TO_32_BIT_CONVERSION = YES;
				GCC_WARN_ABOUT_RETURN_TYPE = YES_ERROR;
				GCC_WARN_UNDECLARED_SELECTOR = YES;
				GCC_WARN_UNINITIALIZED_AUTOS = YES_AGGRESSIVE;
				GCC_WARN_UNUSED_FUNCTION = YES;
				GCC_WARN_UNUSED_VARIABLE = YES;
				IPHONEOS_DEPLOYMENT_TARGET = 13.2;
				MTL_ENABLE_DEBUG_INFO = NO;
				MTL_FAST_MATH = YES;
				SDKROOT = iphoneos;
				SWIFT_COMPILATION_MODE = wholemodule;
				SWIFT_OPTIMIZATION_LEVEL = "-O";
				VALIDATE_PRODUCT = YES;
			};
			name = Release;
		};
		91644030238EC123007E5111 /* Debug */ = {
			isa = XCBuildConfiguration;
			buildSettings = {
				ASSETCATALOG_COMPILER_APPICON_NAME = AppIcon;
				CODE_SIGN_STYLE = Automatic;
				DEVELOPMENT_ASSET_PATHS = "\"Binding UIKIt Swift UI/Preview Content\"";
				ENABLE_PREVIEWS = YES;
				INFOPLIST_FILE = "Binding UIKIt Swift UI/Info.plist";
				LD_RUNPATH_SEARCH_PATHS = (
					"$(inherited)",
					"@executable_path/Frameworks",
				);
				PRODUCT_BUNDLE_IDENTIFIER = "com.dot3.bindingSwiftUI.Binding-UIKIt-Swift-UI";
				PRODUCT_NAME = "$(TARGET_NAME)";
				SWIFT_VERSION = 5.0;
				TARGETED_DEVICE_FAMILY = "1,2";
			};
			name = Debug;
		};
		91644031238EC123007E5111 /* Release */ = {
			isa = XCBuildConfiguration;
			buildSettings = {
				ASSETCATALOG_COMPILER_APPICON_NAME = AppIcon;
				CODE_SIGN_STYLE = Automatic;
				DEVELOPMENT_ASSET_PATHS = "\"Binding UIKIt Swift UI/Preview Content\"";
				ENABLE_PREVIEWS = YES;
				INFOPLIST_FILE = "Binding UIKIt Swift UI/Info.plist";
				LD_RUNPATH_SEARCH_PATHS = (
					"$(inherited)",
					"@executable_path/Frameworks",
				);
				PRODUCT_BUNDLE_IDENTIFIER = "com.dot3.bindingSwiftUI.Binding-UIKIt-Swift-UI";
				PRODUCT_NAME = "$(TARGET_NAME)";
				SWIFT_VERSION = 5.0;
				TARGETED_DEVICE_FAMILY = "1,2";
			};
			name = Release;
		};
/* End XCBuildConfiguration section */

/* Begin XCConfigurationList section */
		91644016238EC11F007E5111 /* Build configuration list for PBXProject "Binding UIKIt Swift UI" */ = {
			isa = XCConfigurationList;
			buildConfigurations = (
				9164402D238EC123007E5111 /* Debug */,
				9164402E238EC123007E5111 /* Release */,
			);
			defaultConfigurationIsVisible = 0;
			defaultConfigurationName = Release;
		};
		9164402F238EC123007E5111 /* Build configuration list for PBXNativeTarget "Binding UIKIt Swift UI" */ = {
			isa = XCConfigurationList;
			buildConfigurations = (
				91644030238EC123007E5111 /* Debug */,
				91644031238EC123007E5111 /* Release */,
			);
			defaultConfigurationIsVisible = 0;
			defaultConfigurationName = Release;
		};
/* End XCConfigurationList section */
	};
	rootObject = 91644013238EC11F007E5111 /* Project object */;
}
